
Microsoft Visual Studio Solution File, Format Version 12.00
# Visual Studio 15
VisualStudioVersion = 15.0.27703.2047
MinimumVisualStudioVersion = 10.0.40219.1
Project("{FAE04EC0-301F-11D3-BF4B-00C04F79EFBC}") = "CYBInfrastructure.Web", "CYBInfrastructure.Web\CYBInfrastructure.Web.csproj", "{FFE261DB-C7C1-437B-A4FD-49CEBE7F459F}"
EndProject
Project("{FAE04EC0-301F-11D3-BF4B-00C04F79EFBC}") = "CYBInfrastructure.Core", "CYBInfrastructure.Core\CYBInfrastructure.Core.csproj", "{659431C1-EDD2-407F-BB73-2BA39881847E}"
EndProject
Project("{FAE04EC0-301F-11D3-BF4B-00C04F79EFBC}") = "CYBInfracstructure.DataStructure", "CYBInfracstructure.DataStructure\CYBInfracstructure.DataStructure.csproj", "{ED42D2A8-522F-49F2-B0A9-4A7BB4D35A96}"
EndProject
Global
	GlobalSection(SolutionConfigurationPlatforms) = preSolution
		Debug|Any CPU = Debug|Any CPU
		Release|Any CPU = Release|Any CPU
	EndGlobalSection
	GlobalSection(ProjectConfigurationPlatforms) = postSolution
		{FFE261DB-C7C1-437B-A4FD-49CEBE7F459F}.Debug|Any CPU.ActiveCfg = Debug|Any CPU
		{FFE261DB-C7C1-437B-A4FD-49CEBE7F459F}.Debug|Any CPU.Build.0 = Debug|Any CPU
		{FFE261DB-C7C1-437B-A4FD-49CEBE7F459F}.Release|Any CPU.ActiveCfg = Release|Any CPU
		{FFE261DB-C7C1-437B-A4FD-49CEBE7F459F}.Release|Any CPU.Build.0 = Release|Any CPU
		{659431C1-EDD2-407F-BB73-2BA39881847E}.Debug|Any CPU.ActiveCfg = Debug|Any CPU
		{659431C1-EDD2-407F-BB73-2BA39881847E}.Debug|Any CPU.Build.0 = Debug|Any CPU
		{659431C1-EDD2-407F-BB73-2BA39881847E}.Release|Any CPU.ActiveCfg = Release|Any CPU
		{659431C1-EDD2-407F-BB73-2BA39881847E}.Release|Any CPU.Build.0 = Release|Any CPU
		{ED42D2A8-522F-49F2-B0A9-4A7BB4D35A96}.Debug|Any CPU.ActiveCfg = Debug|Any CPU
		{ED42D2A8-522F-49F2-B0A9-4A7BB4D35A96}.Debug|Any CPU.Build.0 = Debug|Any CPU
		{ED42D2A8-522F-49F2-B0A9-4A7BB4D35A96}.Release|Any CPU.ActiveCfg = Release|Any CPU
		{ED42D2A8-522F-49F2-B0A9-4A7BB4D35A96}.Release|Any CPU.Build.0 = Release|Any CPU
	EndGlobalSection
	GlobalSection(SolutionProperties) = preSolution
		HideSolutionNode = FALSE
	EndGlobalSection
	GlobalSection(ExtensibilityGlobals) = postSolution
		SolutionGuid = {C6EC133E-F8D9-4382-9DD5-A3E6EF82EE07}
	EndGlobalSection
EndGlobal
